<?xml version="1.0" encoding="utf-8"?>
<Project ToolsVersion="4.0" xmlns="http://schemas.microsoft.com/developer/msbuild/2003">
  <ItemGroup>
    <ClCompile Include="..\lk_absyn.cpp" />
    <ClCompile Include="..\lk_env.cpp" />
    <ClCompile Include="..\lk_eval.cpp" />
    <ClCompile Include="..\lk_invoke.cpp" />
    <ClCompile Include="..\lk_lex.cpp" />
    <ClCompile Include="..\lk_math.cpp" />
    <ClCompile Include="..\lk_parse.cpp" />
    <ClCompile Include="..\lk_stdlib.cpp" />
    <ClCompile Include="..\lk_pcgen.cpp" />
    <ClCompile Include="..\lk_vm.cpp" />
  </ItemGroup>
  <ItemGroup>
    <ClInclude Include="..\lk_absyn.h" />
    <ClInclude Include="..\lk_env.h" />
    <ClInclude Include="..\lk_eval.h" />
    <ClInclude Include="..\lk_invoke.h" />
    <ClInclude Include="..\lk_lex.h" />
    <ClInclude Include="..\lk_math.h" />
    <ClInclude Include="..\lk_parse.h" />
    <ClInclude Include="..\lk_stdlib.h" />
    <ClInclude Include="..\lk_pcgen.h" />
    <ClInclude Include="..\lk_vm.h" />
  </ItemGroup>
</Project>